
Microsoft Visual Studio Solution File, Format Version 12.00
# Visual Studio 2013
VisualStudioVersion = 12.0.21005.1
MinimumVisualStudioVersion = 10.0.40219.1
Project("{FAE04EC0-301F-11D3-BF4B-00C04F79EFBC}") = "GanDongApp", "GanDongApp.csproj", "{2094A93F-30B8-41A8-9B7B-5C483E33E0DF}"
EndProject
Global
	GlobalSection(SolutionConfigurationPlatforms) = preSolution
		Debug|Any CPU = Debug|Any CPU
		Release|Any CPU = Release|Any CPU
	EndGlobalSection
	GlobalSection(ProjectConfigurationPlatforms) = postSolution
		{2094A93F-30B8-41A8-9B7B-5C483E33E0DF}.Debug|Any CPU.ActiveCfg = Debug|Any CPU
		{2094A93F-30B8-41A8-9B7B-5C483E33E0DF}.Debug|Any CPU.Build.0 = Debug|Any CPU
		{2094A93F-30B8-41A8-9B7B-5C483E33E0DF}.Release|Any CPU.ActiveCfg = Release|Any CPU
		{2094A93F-30B8-41A8-9B7B-5C483E33E0DF}.Release|Any CPU.Build.0 = Release|Any CPU
	EndGlobalSection
	GlobalSection(SolutionProperties) = preSolution
		HideSolutionNode = FALSE
	EndGlobalSection
EndGlobal
